
Microsoft Visual Studio Solution File, Format Version 12.00
# Visual Studio Version 16
VisualStudioVersion = 16.0.30503.244
MinimumVisualStudioVersion = 10.0.40219.1
Project("{FAE04EC0-301F-11D3-BF4B-00C04F79EFBC}") = "Portfolio.API", "Portfolio.API\Portfolio.API.csproj", "{56628B74-2907-478E-B943-97A6183C5F2C}"
EndProject
Global
	GlobalSection(SolutionConfigurationPlatforms) = preSolution
		Debug|Any CPU = Debug|Any CPU
		Release|Any CPU = Release|Any CPU
	EndGlobalSection
	GlobalSection(ProjectConfigurationPlatforms) = postSolution
		{56628B74-2907-478E-B943-97A6183C5F2C}.Debug|Any CPU.ActiveCfg = Debug|Any CPU
		{56628B74-2907-478E-B943-97A6183C5F2C}.Debug|Any CPU.Build.0 = Debug|Any CPU
		{56628B74-2907-478E-B943-97A6183C5F2C}.Release|Any CPU.ActiveCfg = Release|Any CPU
		{56628B74-2907-478E-B943-97A6183C5F2C}.Release|Any CPU.Build.0 = Release|Any CPU
	EndGlobalSection
	GlobalSection(SolutionProperties) = preSolution
		HideSolutionNode = FALSE
	EndGlobalSection
	GlobalSection(ExtensibilityGlobals) = postSolution
		SolutionGuid = {5C5E9964-74DE-4AA7-957D-8813E4365F09}
	EndGlobalSection
EndGlobal
