
Microsoft Visual Studio Solution File, Format Version 12.00
# Visual Studio Version 16
VisualStudioVersion = 16.0.30503.244
MinimumVisualStudioVersion = 10.0.40219.1
Project("{9A19103F-16F7-4668-BE54-9A1E7A4F7556}") = "Portfolio.API", "Portfolio.API\Portfolio.API.csproj", "{56628B74-2907-478E-B943-97A6183C5F2C}"
EndProject
Project("{FAE04EC0-301F-11D3-BF4B-00C04F79EFBC}") = "Portfolio.Blazor", "Portfolio.Blazor\Portfolio.Blazor.csproj", "{36965779-0790-46B4-9634-6C21CD0DC879}"
EndProject
Project("{FAE04EC0-301F-11D3-BF4B-00C04F79EFBC}") = "Portfolio.Shared", "Portfolio.Shared\Portfolio.Shared.csproj", "{AA215BE6-CEE0-47C5-9EFF-7FC4309A472D}"
EndProject
Global
	GlobalSection(SolutionConfigurationPlatforms) = preSolution
		Debug|Any CPU = Debug|Any CPU
		Release|Any CPU = Release|Any CPU
	EndGlobalSection
	GlobalSection(ProjectConfigurationPlatforms) = postSolution
		{56628B74-2907-478E-B943-97A6183C5F2C}.Debug|Any CPU.ActiveCfg = Debug|Any CPU
		{56628B74-2907-478E-B943-97A6183C5F2C}.Debug|Any CPU.Build.0 = Debug|Any CPU
		{56628B74-2907-478E-B943-97A6183C5F2C}.Release|Any CPU.ActiveCfg = Release|Any CPU
		{56628B74-2907-478E-B943-97A6183C5F2C}.Release|Any CPU.Build.0 = Release|Any CPU
		{36965779-0790-46B4-9634-6C21CD0DC879}.Debug|Any CPU.ActiveCfg = Debug|Any CPU
		{36965779-0790-46B4-9634-6C21CD0DC879}.Debug|Any CPU.Build.0 = Debug|Any CPU
		{36965779-0790-46B4-9634-6C21CD0DC879}.Release|Any CPU.ActiveCfg = Release|Any CPU
		{36965779-0790-46B4-9634-6C21CD0DC879}.Release|Any CPU.Build.0 = Release|Any CPU
		{AA215BE6-CEE0-47C5-9EFF-7FC4309A472D}.Debug|Any CPU.ActiveCfg = Debug|Any CPU
		{AA215BE6-CEE0-47C5-9EFF-7FC4309A472D}.Debug|Any CPU.Build.0 = Debug|Any CPU
		{AA215BE6-CEE0-47C5-9EFF-7FC4309A472D}.Release|Any CPU.ActiveCfg = Release|Any CPU
		{AA215BE6-CEE0-47C5-9EFF-7FC4309A472D}.Release|Any CPU.Build.0 = Release|Any CPU
	EndGlobalSection
	GlobalSection(SolutionProperties) = preSolution
		HideSolutionNode = FALSE
	EndGlobalSection
	GlobalSection(ExtensibilityGlobals) = postSolution
		SolutionGuid = {5C5E9964-74DE-4AA7-957D-8813E4365F09}
	EndGlobalSection
EndGlobal
